
Microsoft Visual Studio Solution File, Format Version 12.00
# Visual Studio Version 17
VisualStudioVersion = 17.10.35004.147
MinimumVisualStudioVersion = 10.0.40219.1
Project("{FAE04EC0-301F-11D3-BF4B-00C04F79EFBC}") = "Dlv.Domain", "Dlv.Domain\Dlv.Domain.csproj", "{4872E950-9F8A-4BF6-B377-B8C10D48567A}"
EndProject
Project("{FAE04EC0-301F-11D3-BF4B-00C04F79EFBC}") = "Dlv.Domain.SourceGen", "Dlv.Domain.SourceGen\Dlv.Domain.SourceGen.csproj", "{D62B6B44-0E7A-4DE9-B69B-D1D8210473B3}"
EndProject
Project("{FAE04EC0-301F-11D3-BF4B-00C04F79EFBC}") = "Dlv.Domain.Example", "Dlv.Domain.Example\Dlv.Domain.Example.csproj", "{CD42A9DF-58F0-45EC-A715-E976AA182058}"
EndProject
Global
	GlobalSection(SolutionConfigurationPlatforms) = preSolution
		Debug|Any CPU = Debug|Any CPU
		Release|Any CPU = Release|Any CPU
	EndGlobalSection
	GlobalSection(ProjectConfigurationPlatforms) = postSolution
		{4872E950-9F8A-4BF6-B377-B8C10D48567A}.Debug|Any CPU.ActiveCfg = Debug|Any CPU
		{4872E950-9F8A-4BF6-B377-B8C10D48567A}.Debug|Any CPU.Build.0 = Debug|Any CPU
		{4872E950-9F8A-4BF6-B377-B8C10D48567A}.Release|Any CPU.ActiveCfg = Release|Any CPU
		{4872E950-9F8A-4BF6-B377-B8C10D48567A}.Release|Any CPU.Build.0 = Release|Any CPU
		{D62B6B44-0E7A-4DE9-B69B-D1D8210473B3}.Debug|Any CPU.ActiveCfg = Debug|Any CPU
		{D62B6B44-0E7A-4DE9-B69B-D1D8210473B3}.Debug|Any CPU.Build.0 = Debug|Any CPU
		{D62B6B44-0E7A-4DE9-B69B-D1D8210473B3}.Release|Any CPU.ActiveCfg = Release|Any CPU
		{D62B6B44-0E7A-4DE9-B69B-D1D8210473B3}.Release|Any CPU.Build.0 = Release|Any CPU
		{CD42A9DF-58F0-45EC-A715-E976AA182058}.Debug|Any CPU.ActiveCfg = Debug|Any CPU
		{CD42A9DF-58F0-45EC-A715-E976AA182058}.Debug|Any CPU.Build.0 = Debug|Any CPU
		{CD42A9DF-58F0-45EC-A715-E976AA182058}.Release|Any CPU.ActiveCfg = Release|Any CPU
		{CD42A9DF-58F0-45EC-A715-E976AA182058}.Release|Any CPU.Build.0 = Release|Any CPU
	EndGlobalSection
	GlobalSection(SolutionProperties) = preSolution
		HideSolutionNode = FALSE
	EndGlobalSection
	GlobalSection(ExtensibilityGlobals) = postSolution
		SolutionGuid = {ACCB419C-77AD-4B0D-A360-E0AC95E3FC9F}
	EndGlobalSection
EndGlobal
